
Microsoft Visual Studio Solution File, Format Version 12.00
Project("{FAE04EC0-301F-11D3-BF4B-00C04F79EFBC}") = "ExcalibPayments.Orders.Web", "ExcalibPayments.Orders.Web\ExcalibPayments.Orders.Web.csproj", "{9F7946B3-02BF-4490-9A68-A34C766AF77C}"
EndProject
Project("{FAE04EC0-301F-11D3-BF4B-00C04F79EFBC}") = "ExcalibPayments.Orders.Application", "ExcalibPayments.Orders.Application\ExcalibPayments.Orders.Application.csproj", "{8CBA8EF0-9938-432B-8A60-8F57DEF89B1C}"
EndProject
Project("{FAE04EC0-301F-11D3-BF4B-00C04F79EFBC}") = "ExcalibPayments.Orders.Damain", "ExcalibPayments.Orders.Damain\ExcalibPayments.Orders.Damain.csproj", "{51B646ED-C733-4538-8AED-6E1DF635FCCA}"
EndProject
Global
	GlobalSection(SolutionConfigurationPlatforms) = preSolution
		Debug|Any CPU = Debug|Any CPU
		Release|Any CPU = Release|Any CPU
	EndGlobalSection
	GlobalSection(ProjectConfigurationPlatforms) = postSolution
		{9F7946B3-02BF-4490-9A68-A34C766AF77C}.Debug|Any CPU.ActiveCfg = Debug|Any CPU
		{9F7946B3-02BF-4490-9A68-A34C766AF77C}.Debug|Any CPU.Build.0 = Debug|Any CPU
		{9F7946B3-02BF-4490-9A68-A34C766AF77C}.Release|Any CPU.ActiveCfg = Release|Any CPU
		{9F7946B3-02BF-4490-9A68-A34C766AF77C}.Release|Any CPU.Build.0 = Release|Any CPU
		{8CBA8EF0-9938-432B-8A60-8F57DEF89B1C}.Debug|Any CPU.ActiveCfg = Debug|Any CPU
		{8CBA8EF0-9938-432B-8A60-8F57DEF89B1C}.Debug|Any CPU.Build.0 = Debug|Any CPU
		{8CBA8EF0-9938-432B-8A60-8F57DEF89B1C}.Release|Any CPU.ActiveCfg = Release|Any CPU
		{8CBA8EF0-9938-432B-8A60-8F57DEF89B1C}.Release|Any CPU.Build.0 = Release|Any CPU
		{51B646ED-C733-4538-8AED-6E1DF635FCCA}.Debug|Any CPU.ActiveCfg = Debug|Any CPU
		{51B646ED-C733-4538-8AED-6E1DF635FCCA}.Debug|Any CPU.Build.0 = Debug|Any CPU
		{51B646ED-C733-4538-8AED-6E1DF635FCCA}.Release|Any CPU.ActiveCfg = Release|Any CPU
		{51B646ED-C733-4538-8AED-6E1DF635FCCA}.Release|Any CPU.Build.0 = Release|Any CPU
	EndGlobalSection
EndGlobal
